Microsoft Visual Studio Solution File, Format Version 12.00
# Visual Studio Version 17
VisualStudioVersion = 17.0.31717.71
MinimumVisualStudioVersion = 10.0.40219.1
Project("{9A19103F-16F7-4668-BE54-9A1E7A4F7556}") = "mudBlazorPractice", "mudBlazorPractice.csproj", "{DEAC2F8A-010A-4A0D-B86D-44027CB3780B}"
EndProject
Global
	GlobalSection(SolutionConfigurationPlatforms) = preSolution
		Debug|Any CPU = Debug|Any CPU
		Release|Any CPU = Release|Any CPU
	EndGlobalSection
	GlobalSection(ProjectConfigurationPlatforms) = postSolution
		{DEAC2F8A-010A-4A0D-B86D-44027CB3780B}.Debug|Any CPU.ActiveCfg = Debug|Any CPU
		{DEAC2F8A-010A-4A0D-B86D-44027CB3780B}.Debug|Any CPU.Build.0 = Debug|Any CPU
		{DEAC2F8A-010A-4A0D-B86D-44027CB3780B}.Release|Any CPU.ActiveCfg = Release|Any CPU
		{DEAC2F8A-010A-4A0D-B86D-44027CB3780B}.Release|Any CPU.Build.0 = Release|Any CPU
	EndGlobalSection
	GlobalSection(SolutionProperties) = preSolution
		HideSolutionNode = FALSE
	EndGlobalSection
	GlobalSection(ExtensibilityGlobals) = postSolution
		SolutionGuid = {0DC71980-7D51-47C8-98A5-46B4B35AA482}
	EndGlobalSection
EndGlobal
